
Microsoft Visual Studio Solution File, Format Version 12.00
# Visual Studio Version 16
VisualStudioVersion = 16.0.30503.244
MinimumVisualStudioVersion = 10.0.40219.1
Project("{FAE04EC0-301F-11D3-BF4B-00C04F79EFBC}") = "productgame", "productgame\productgame.csproj", "{993A4F33-2DD0-417F-A89A-EB02407A014E}"
EndProject
Global
	GlobalSection(SolutionConfigurationPlatforms) = preSolution
		Debug|Any CPU = Debug|Any CPU
		Release|Any CPU = Release|Any CPU
	EndGlobalSection
	GlobalSection(ProjectConfigurationPlatforms) = postSolution
		{993A4F33-2DD0-417F-A89A-EB02407A014E}.Debug|Any CPU.ActiveCfg = Debug|Any CPU
		{993A4F33-2DD0-417F-A89A-EB02407A014E}.Debug|Any CPU.Build.0 = Debug|Any CPU
		{993A4F33-2DD0-417F-A89A-EB02407A014E}.Release|Any CPU.ActiveCfg = Release|Any CPU
		{993A4F33-2DD0-417F-A89A-EB02407A014E}.Release|Any CPU.Build.0 = Release|Any CPU
	EndGlobalSection
	GlobalSection(SolutionProperties) = preSolution
		HideSolutionNode = FALSE
	EndGlobalSection
	GlobalSection(ExtensibilityGlobals) = postSolution
		SolutionGuid = {78995EAD-1FA9-40F1-BD47-007AD12F0443}
	EndGlobalSection
EndGlobal
